PODS:
  - MMDrawerController (0.6.0):
    - MMDrawerController/Core (= 0.6.0)
    - MMDrawerController/MMDrawerBarButtonItem (= 0.6.0)
    - MMDrawerController/MMDrawerVisualStates (= 0.6.0)
    - MMDrawerController/Subclass (= 0.6.0)
  - "MMDrawerController+Storyboard (0.0.2)":
    - MMDrawerController
  - MMDrawerController/Core (0.6.0)
  - MMDrawerController/MMDrawerBarButtonItem (0.6.0):
    - MMDrawerController/Core
  - MMDrawerController/MMDrawerVisualStates (0.6.0):
    - MMDrawerController/Core
  - MMDrawerController/Subclass (0.6.0):
    - MMDrawerController/Core
  - shapelib (1.3)

DEPENDENCIES:
  - "MMDrawerController+Storyboard"
  - shapelib

SPEC REPOS:
  trunk:
    - MMDrawerController
    - "MMDrawerController+Storyboard"
    - shapelib

SPEC CHECKSUMS:
  MMDrawerController: e3a54a5570388463ad3b36975251575b50c4e1a0
  "MMDrawerController+Storyboard": c98f86c0f32cdef1d466d19a7da3ad2fc6c6ac00
  shapelib: 70f767e1e6484b824bd9986613afb66cb16e9df4

PODFILE CHECKSUM: da98893d20cebad660a378043de9c672730d66b9

COCOAPODS: 1.10.1
